{
  "name": "webgl-leran",
  "version": "1.0.0",
  "lockfileVersion": 1,
  "requires": true,
  "dependencies": {
    "@babel/parser": {
      "version": "7.18.11",
      "resolved": "http://npm.lotuscars.com.cn:30040/@babel%2fparser/-/parser-7.18.11.tgz",
      "integrity": "sha512-9JKn5vN+hDt0Hdqn1PiJ2guflwP+B6Ga8qbDuoF0PzzVhrzsKIJo8yGqVk6CmMHiMei9w1C1Bp9IMJSIK+HPIQ=="
    },
    "@element-plus/icons": {
      "version": "0.0.11",
      "resolved": "http://npm.lotuscars.com.cn:30040/@element-plus%2ficons/-/icons-0.0.11.tgz",
      "integrity": "sha1-mxh8ACd0VIuRGFDRf6X8L5pRX1c="
    },
    "@formily/reactive": {
      "version": "2.1.9",
      "resolved": "http://npm.lotuscars.com.cn:30040/@formily%2freactive/-/reactive-2.1.9.tgz",
      "integrity": "sha512-rpZdf0FhhNsE7mepEqsSDYF+HW6VSYBHbJYwDnaymRT4NWrvpBjB88aFvgoKbJ2udM/5GLB5fji5Kf6toV8cpg=="
    },
    "@lts-apaas/adsl": {
      "version": "1.0.8",
      "resolved": "http://npm.lotuscars.com.cn:30040/@lts-apaas%2fadsl/-/adsl-1.0.8.tgz",
      "integrity": "sha512-wpeCHlHofC4JUZMDDx8BypRVfb8Or2BGFowti1Tr63yT5NL34rkXXo+ibwJhnYmLRUoKWPr9lCYskjcAyY/M5Q==",
      "requires": {
        "@lts/lib": "^1.0.40-beta.3",
        "fast-json-patch": "^3.1.1"
      }
    },
    "@lts-apaas/render-core": {
      "version": "1.0.8",
      "resolved": "http://npm.lotuscars.com.cn:30040/@lts-apaas%2frender-core/-/render-core-1.0.8.tgz",
      "integrity": "sha512-sybaJQXWhIkNZX4p35jN+bGqgdtyg6kX4nfw+GwNTuTLYtM/bW1uMzR+GUGvNqRRA/LnEr2Hy3KBflSPMXUJIw==",
      "requires": {
        "@formily/reactive": "2.1.9",
        "@lts-apaas/adsl": "^1.0.0"
      }
    },
    "@lts-apaas/render-vue": {
      "version": "1.0.8",
      "resolved": "http://npm.lotuscars.com.cn:30040/@lts-apaas%2frender-vue/-/render-vue-1.0.8.tgz",
      "integrity": "sha512-Tz7pH8lfesmp/+Iwu+6zp38UmK5Inau7Cmu2/MWk/pWuLpH/eNVncrLPGl30NtsLgGMelFAHfkWyXsGpizgntg==",
      "requires": {
        "@lts-apaas/adsl": "^1.0.0",
        "@lts-apaas/render-core": "^1.0.0"
      }
    },
    "@lts/api": {
      "version": "1.1.2",
      "resolved": "http://npm.lotuscars.com.cn:30040/@lts%2fapi/-/api-1.1.2.tgz",
      "integrity": "sha512-RAQGFLN8NxXDFWyYTeqNbn7Iq/GPA4LsNdAUkRnjymEpv80KsFQ9jYDdXwxtswulpALnkiL2vLcwtWXHPaUPDw=="
    },
    "@lts/core": {
      "version": "1.1.2",
      "resolved": "http://npm.lotuscars.com.cn:30040/@lts%2fcore/-/core-1.1.2.tgz",
      "integrity": "sha512-yDJjHyVa79ANTB52eQfeyJq3kUoYcQhCrQPjbCrc7wtUp/0lb4TEwnl0eDROWvoTlWtFKSZm5F2Z4bjea7NA+Q==",
      "requires": {
        "element-plus": "~1.1.0-beta.19",
        "vue": "^3.2.33",
        "vue-router": "^4.0.14"
      }
    },
    "@lts/directives": {
      "version": "1.1.2",
      "resolved": "http://npm.lotuscars.com.cn:30040/@lts%2fdirectives/-/directives-1.1.2.tgz",
      "integrity": "sha512-rY+eUZ0fcjVvteoST6w0dU7FZIWCvDe3X0dxbbk/+qTgClyl/CwOwMXpGD8yZKb3vHevDEpknPTkXQP/1VzS6A==",
      "requires": {
        "vue": "^3.2.33",
        "xss": "^1.0.11"
      }
    },
    "@lts/filecenter": {
      "version": "1.1.2",
      "resolved": "http://npm.lotuscars.com.cn:30040/@lts%2ffilecenter/-/filecenter-1.1.2.tgz",
      "integrity": "sha512-O2c0+NeWIdq0BAhg2IN30NMPVn76lL0CGTmX9hSA9IIbWCwEXMXoNz+HhUlPJIR2v7m4T8eZrYaHCwY9jo8N7w=="
    },
    "@lts/hooks": {
      "version": "1.1.2",
      "resolved": "http://npm.lotuscars.com.cn:30040/@lts%2fhooks/-/hooks-1.1.2.tgz",
      "integrity": "sha512-n1LAoQWm+FfYuPqtQhfhDvrllfBNgLaOrhCV0OVprCiCUVAEdBtdiUJKrMt/S+1zHN3RLyGHFj22spSDoFDZHQ==",
      "requires": {
        "element-plus": "~1.1.0-beta.19",
        "vue": "^3.2.33"
      }
    },
    "@lts/http": {
      "version": "1.1.2",
      "resolved": "http://npm.lotuscars.com.cn:30040/@lts%2fhttp/-/http-1.1.2.tgz",
      "integrity": "sha512-gDA8pw5VMnBkUoODV8cthc11+96Bbhb9q60fhMkRMAFJ1I3ird4VdW+quyWnIM4TS49WTsuCLGFpqO+Q/JqT+g==",
      "requires": {
        "axios": "^0.26.1"
      }
    },
    "@lts/injection": {
      "version": "1.1.2",
      "resolved": "http://npm.lotuscars.com.cn:30040/@lts%2finjection/-/injection-1.1.2.tgz",
      "integrity": "sha512-QcLdFWk1qXXm5uuQ8OfkIXQjcuF+JJxlaxCLAWFg7pSRRIUxKQbZJsxAZK6qwW6Azw+Fa+SJMPLOyX185HPVQQ=="
    },
    "@lts/lib": {
      "version": "1.1.2",
      "resolved": "http://npm.lotuscars.com.cn:30040/@lts%2flib/-/lib-1.1.2.tgz",
      "integrity": "sha512-+Ts/U1IDX5bL1c2Pmh18DRMFjm9j2TPcvqxIgCkCJJIUlGw4zdrcTvR/K3uSjFZIeKaK//2DT+u4LzF34phphA==",
      "requires": {
        "@lts/api": "1.1.2",
        "@lts/core": "1.1.2",
        "@lts/directives": "1.1.2",
        "@lts/filecenter": "1.1.2",
        "@lts/hooks": "1.1.2",
        "@lts/http": "1.1.2",
        "@lts/injection": "1.1.2",
        "@lts/locale": "1.1.2",
        "@lts/lui": "1.1.2",
        "@lts/passport": "1.1.2",
        "@lts/sensors": "1.1.2",
        "@lts/utils": "1.1.2"
      }
    },
    "@lts/locale": {
      "version": "1.1.2",
      "resolved": "http://npm.lotuscars.com.cn:30040/@lts%2flocale/-/locale-1.1.2.tgz",
      "integrity": "sha512-PCe1kgGf9j2tDNkOiVKSHWE/+aZdgXi57W19VGHxRBl2MJPzt8DQzaWrE8ohCAJS7wuiTL+6sjOzc7moqEQqdQ==",
      "requires": {
        "vue": "^3.2.33"
      }
    },
    "@lts/lui": {
      "version": "1.1.2",
      "resolved": "http://npm.lotuscars.com.cn:30040/@lts%2flui/-/lui-1.1.2.tgz",
      "integrity": "sha512-H3/bazv1mSe1nKrIVShvrAkiwFtdba9psjbPxn7p+TMI372LAdnvrPwlyt2ltl9m5MojTtrIxhdyzeTRFtNihw==",
      "requires": {
        "element-plus": "~1.1.0-beta.19",
        "vue": "^3.2.33",
        "vuedraggable": "^4.1.0"
      }
    },
    "@lts/passport": {
      "version": "1.1.2",
      "resolved": "http://npm.lotuscars.com.cn:30040/@lts%2fpassport/-/passport-1.1.2.tgz",
      "integrity": "sha512-7zLPPK1SusEwxrGo9JECz0X0+uRIDA9O+AzekojMdqQAHkBAVTckHC0yvQLh1sbcD3t9Wpe2FaL1bRDni7S8hw==",
      "requires": {
        "stompjs": "^2.3.3",
        "vue": "^3.2.33"
      }
    },
    "@lts/sensors": {
      "version": "1.1.2",
      "resolved": "http://npm.lotuscars.com.cn:30040/@lts%2fsensors/-/sensors-1.1.2.tgz",
      "integrity": "sha512-nJuOabeJ87QJJHDgWA4kf4qt+i1c4tx2s5qHPLI8j/mIeEA7839kb5I6uDzlTmtkNfS3dJ1AmikF+if6zZ/lng==",
      "requires": {
        "axios": "^0.26.1"
      }
    },
    "@lts/utils": {
      "version": "1.1.2",
      "resolved": "http://npm.lotuscars.com.cn:30040/@lts%2futils/-/utils-1.1.2.tgz",
      "integrity": "sha512-B43+NFdPex017j1jzkYOtGtLaXX1blo7gG2N6XC1izFFyVqrrHMY3QG+F8LaGlLMvqiNWBxJFUUAVT9YdpqMAg==",
      "requires": {
        "@types/howler": "^2.2.3",
        "@types/lodash": "^4.14.182",
        "@types/stompjs": "^2.3.5",
        "howler": "^2.2.3",
        "jsbarcode": "^3.11.5",
        "jsencrypt": "^3.2.1",
        "lodash-es": "^4.17.21",
        "qrcode": "^1.5.1",
        "stompjs": "^2.3.3",
        "vue": "^3.2.33"
      }
    },
    "@popperjs/core": {
      "version": "2.11.6",
      "resolved": "http://npm.lotuscars.com.cn:30040/@popperjs%2fcore/-/core-2.11.6.tgz",
      "integrity": "sha512-50/17A98tWUfQ176raKiOGXuYpLyyVMkxxG6oylzL3BPOlA6ADGdK7EYunSa4I064xerltq9TGXs8HmOk5E+vw=="
    },
    "@types/howler": {
      "version": "2.2.7",
      "resolved": "http://npm.lotuscars.com.cn:30040/@types%2fhowler/-/howler-2.2.7.tgz",
      "integrity": "sha512-PEZldwZqJJw1PWRTpupyC7ajVTZA8aHd8nB/Y0n6zRZi5u8ktYDntsHj13ltEiBRqWwF06pASxBEvCTxniG8eA=="
    },
    "@types/lodash": {
      "version": "4.14.184",
      "resolved": "http://npm.lotuscars.com.cn:30040/@types%2flodash/-/lodash-4.14.184.tgz",
      "integrity": "sha512-RoZphVtHbxPZizt4IcILciSWiC6dcn+eZ8oX9IWEYfDMcocdd42f7NPI6fQj+6zI8y4E0L7gu2pcZKLGTRaV9Q=="
    },
    "@types/node": {
      "version": "18.7.6",
      "resolved": "http://npm.lotuscars.com.cn:30040/@types%2fnode/-/node-18.7.6.tgz",
      "integrity": "sha512-EdxgKRXgYsNITy5mjjXjVE/CS8YENSdhiagGrLqjG0pvA2owgJ6i4l7wy/PFZGC0B1/H20lWKN7ONVDNYDZm7A=="
    },
    "@types/stompjs": {
      "version": "2.3.5",
      "resolved": "http://npm.lotuscars.com.cn:30040/@types%2fstompjs/-/stompjs-2.3.5.tgz",
      "integrity": "sha512-0WkL8RlB1uuZt8XJEdnwdFdV5RIFcQw9UhNQfTpiJYcjqC6QQpFqc5YcIrlH+K/843EGJVIaOFANjs7u7bmTlw==",
      "requires": {
        "@types/node": "*"
      }
    },
    "@vue/compiler-core": {
      "version": "3.2.37",
      "resolved": "http://npm.lotuscars.com.cn:30040/@vue%2fcompiler-core/-/compiler-core-3.2.37.tgz",
      "integrity": "sha512-81KhEjo7YAOh0vQJoSmAD68wLfYqJvoiD4ulyedzF+OEk/bk6/hx3fTNVfuzugIIaTrOx4PGx6pAiBRe5e9Zmg==",
      "requires": {
        "@babel/parser": "^7.16.4",
        "@vue/shared": "3.2.37",
        "estree-walker": "^2.0.2",
        "source-map": "^0.6.1"
      }
    },
    "@vue/compiler-dom": {
      "version": "3.2.37",
      "resolved": "http://npm.lotuscars.com.cn:30040/@vue%2fcompiler-dom/-/compiler-dom-3.2.37.tgz",
      "integrity": "sha512-yxJLH167fucHKxaqXpYk7x8z7mMEnXOw3G2q62FTkmsvNxu4FQSu5+3UMb+L7fjKa26DEzhrmCxAgFLLIzVfqQ==",
      "requires": {
        "@vue/compiler-core": "3.2.37",
        "@vue/shared": "3.2.37"
      }
    },
    "@vue/compiler-sfc": {
      "version": "3.2.37",
      "resolved": "http://npm.lotuscars.com.cn:30040/@vue%2fcompiler-sfc/-/compiler-sfc-3.2.37.tgz",
      "integrity": "sha512-+7i/2+9LYlpqDv+KTtWhOZH+pa8/HnX/905MdVmAcI/mPQOBwkHHIzrsEsucyOIZQYMkXUiTkmZq5am/NyXKkg==",
      "requires": {
        "@babel/parser": "^7.16.4",
        "@vue/compiler-core": "3.2.37",
        "@vue/compiler-dom": "3.2.37",
        "@vue/compiler-ssr": "3.2.37",
        "@vue/reactivity-transform": "3.2.37",
        "@vue/shared": "3.2.37",
        "estree-walker": "^2.0.2",
        "magic-string": "^0.25.7",
        "postcss": "^8.1.10",
        "source-map": "^0.6.1"
      }
    },
    "@vue/compiler-ssr": {
      "version": "3.2.37",
      "resolved": "http://npm.lotuscars.com.cn:30040/@vue%2fcompiler-ssr/-/compiler-ssr-3.2.37.tgz",
      "integrity": "sha512-7mQJD7HdXxQjktmsWp/J67lThEIcxLemz1Vb5I6rYJHR5vI+lON3nPGOH3ubmbvYGt8xEUaAr1j7/tIFWiEOqw==",
      "requires": {
        "@vue/compiler-dom": "3.2.37",
        "@vue/shared": "3.2.37"
      }
    },
    "@vue/devtools-api": {
      "version": "6.2.1",
      "resolved": "http://npm.lotuscars.com.cn:30040/@vue%2fdevtools-api/-/devtools-api-6.2.1.tgz",
      "integrity": "sha512-OEgAMeQXvCoJ+1x8WyQuVZzFo0wcyCmUR3baRVLmKBo1LmYZWMlRiXlux5jd0fqVJu6PfDbOrZItVqUEzLobeQ=="
    },
    "@vue/reactivity": {
      "version": "3.2.37",
      "resolved": "http://npm.lotuscars.com.cn:30040/@vue%2freactivity/-/reactivity-3.2.37.tgz",
      "integrity": "sha512-/7WRafBOshOc6m3F7plwzPeCu/RCVv9uMpOwa/5PiY1Zz+WLVRWiy0MYKwmg19KBdGtFWsmZ4cD+LOdVPcs52A==",
      "requires": {
        "@vue/shared": "3.2.37"
      }
    },
    "@vue/reactivity-transform": {
      "version": "3.2.37",
      "resolved": "http://npm.lotuscars.com.cn:30040/@vue%2freactivity-transform/-/reactivity-transform-3.2.37.tgz",
      "integrity": "sha512-IWopkKEb+8qpu/1eMKVeXrK0NLw9HicGviJzhJDEyfxTR9e1WtpnnbYkJWurX6WwoFP0sz10xQg8yL8lgskAZg==",
      "requires": {
        "@babel/parser": "^7.16.4",
        "@vue/compiler-core": "3.2.37",
        "@vue/shared": "3.2.37",
        "estree-walker": "^2.0.2",
        "magic-string": "^0.25.7"
      }
    },
    "@vue/runtime-core": {
      "version": "3.2.37",
      "resolved": "http://npm.lotuscars.com.cn:30040/@vue%2fruntime-core/-/runtime-core-3.2.37.tgz",
      "integrity": "sha512-JPcd9kFyEdXLl/i0ClS7lwgcs0QpUAWj+SKX2ZC3ANKi1U4DOtiEr6cRqFXsPwY5u1L9fAjkinIdB8Rz3FoYNQ==",
      "requires": {
        "@vue/reactivity": "3.2.37",
        "@vue/shared": "3.2.37"
      }
    },
    "@vue/runtime-dom": {
      "version": "3.2.37",
      "resolved": "http://npm.lotuscars.com.cn:30040/@vue%2fruntime-dom/-/runtime-dom-3.2.37.tgz",
      "integrity": "sha512-HimKdh9BepShW6YozwRKAYjYQWg9mQn63RGEiSswMbW+ssIht1MILYlVGkAGGQbkhSh31PCdoUcfiu4apXJoPw==",
      "requires": {
        "@vue/runtime-core": "3.2.37",
        "@vue/shared": "3.2.37",
        "csstype": "^2.6.8"
      }
    },
    "@vue/server-renderer": {
      "version": "3.2.37",
      "resolved": "http://npm.lotuscars.com.cn:30040/@vue%2fserver-renderer/-/server-renderer-3.2.37.tgz",
      "integrity": "sha512-kLITEJvaYgZQ2h47hIzPh2K3jG8c1zCVbp/o/bzQOyvzaKiCquKS7AaioPI28GNxIsE/zSx+EwWYsNxDCX95MA==",
      "requires": {
        "@vue/compiler-ssr": "3.2.37",
        "@vue/shared": "3.2.37"
      }
    },
    "@vue/shared": {
      "version": "3.2.37",
      "resolved": "http://npm.lotuscars.com.cn:30040/@vue%2fshared/-/shared-3.2.37.tgz",
      "integrity": "sha512-4rSJemR2NQIo9Klm1vabqWjD8rs/ZaJSzMxkMNeJS6lHiUjjUeYFbooN19NgFjztubEKh3WlZUeOLVdbbUWHsw=="
    },
    "@vueuse/core": {
      "version": "6.1.0",
      "resolved": "http://npm.lotuscars.com.cn:30040/@vueuse%2fcore/-/core-6.1.0.tgz",
      "integrity": "sha1-gTfCkc9JsRwt7aTVB5CW5Vs2/Cg=",
      "requires": {
        "@vueuse/shared": "6.1.0",
        "vue-demi": "*"
      }
    },
    "@vueuse/shared": {
      "version": "6.1.0",
      "resolved": "http://npm.lotuscars.com.cn:30040/@vueuse%2fshared/-/shared-6.1.0.tgz",
      "integrity": "sha1-E3X9Qazv5S+aGELzxqijSHhlNbo=",
      "requires": {
        "vue-demi": "*"
      }
    },
    "ansi-regex": {
      "version": "5.0.1",
      "resolved": "http://npm.lotuscars.com.cn:30040/ansi-regex/-/ansi-regex-5.0.1.tgz",
      "integrity": "sha1-CCyyyJyf6GWaMRpTvWpNxTAdswQ="
    },
    "ansi-styles": {
      "version": "4.3.0",
      "resolved": "http://npm.lotuscars.com.cn:30040/ansi-styles/-/ansi-styles-4.3.0.tgz",
      "integrity": "sha1-7dgDYornHATIWuegkG7a00tkiTc=",
      "requires": {
        "color-convert": "^2.0.1"
      }
    },
    "async-validator": {
      "version": "4.2.5",
      "resolved": "http://npm.lotuscars.com.cn:30040/async-validator/-/async-validator-4.2.5.tgz",
      "integrity": "sha512-7HhHjtERjqlNbZtqNqy2rckN/SpOOlmDliet+lP7k+eKZEjPk3DgyeU9lIXLdeLz0uBbbVp+9Qdow9wJWgwwfg=="
    },
    "axios": {
      "version": "0.26.1",
      "resolved": "http://npm.lotuscars.com.cn:30040/axios/-/axios-0.26.1.tgz",
      "integrity": "sha512-fPwcX4EvnSHuInCMItEhAGnaSEXRBjtzh9fOtsE6E1G6p7vl7edEeZe11QHf18+6+9gR5PbKV/sGKNaD8YaMeA==",
      "requires": {
        "follow-redirects": "^1.14.8"
      }
    },
    "bufferutil": {
      "version": "4.0.6",
      "resolved": "http://npm.lotuscars.com.cn:30040/bufferutil/-/bufferutil-4.0.6.tgz",
      "integrity": "sha512-jduaYOYtnio4aIAyc6UbvPCVcgq7nYpVnucyxr6eCYg/Woad9Hf/oxxBRDnGGjPfjUm6j5O/uBWhIu4iLebFaw==",
      "optional": true,
      "requires": {
        "node-gyp-build": "^4.3.0"
      }
    },
    "camelcase": {
      "version": "5.3.1",
      "resolved": "http://npm.lotuscars.com.cn:30040/camelcase/-/camelcase-5.3.1.tgz",
      "integrity": "sha1-48mzFWnhBoEd8kL3FXJaH0xJQyA="
    },
    "cliui": {
      "version": "6.0.0",
      "resolved": "http://npm.lotuscars.com.cn:30040/cliui/-/cliui-6.0.0.tgz",
      "integrity": "sha1-UR1wLAxOQcoVbX0OlgIfI+EyJbE=",
      "requires": {
        "string-width": "^4.2.0",
        "strip-ansi": "^6.0.0",
        "wrap-ansi": "^6.2.0"
      }
    },
    "color-convert": {
      "version": "2.0.1",
      "resolved": "http://npm.lotuscars.com.cn:30040/color-convert/-/color-convert-2.0.1.tgz",
      "integrity": "sha1-ctOmjVmMm9s68q0ehPIdiWq9TeM=",
      "requires": {
        "color-name": "~1.1.4"
      }
    },
    "color-name": {
      "version": "1.1.4",
      "resolved": "http://npm.lotuscars.com.cn:30040/color-name/-/color-name-1.1.4.tgz",
      "integrity": "sha1-wqCah6y95pVD3m9j+jmVyCbFNqI="
    },
    "commander": {
      "version": "2.20.3",
      "resolved": "http://npm.lotuscars.com.cn:30040/commander/-/commander-2.20.3.tgz",
      "integrity": "sha1-/UhehMA+tIgcIHIrpIA16FMa6zM="
    },
    "cssfilter": {
      "version": "0.0.10",
      "resolved": "http://npm.lotuscars.com.cn:30040/cssfilter/-/cssfilter-0.0.10.tgz",
      "integrity": "sha1-xtJnJjKi5cg+AT5oZKQs6N79IK4="
    },
    "csstype": {
      "version": "2.6.20",
      "resolved": "http://npm.lotuscars.com.cn:30040/csstype/-/csstype-2.6.20.tgz",
      "integrity": "sha512-/WwNkdXfckNgw6S5R125rrW8ez139lBHWouiBvX8dfMFtcn6V81REDqnH7+CRpRipfYlyU1CmOnOxrmGcFOjeA=="
    },
    "d": {
      "version": "1.0.1",
      "resolved": "http://npm.lotuscars.com.cn:30040/d/-/d-1.0.1.tgz",
      "integrity": "sha1-hpgJU3LVjb7jRv/Qxwk/mfj561o=",
      "requires": {
        "es5-ext": "^0.10.50",
        "type": "^1.0.1"
      }
    },
    "dayjs": {
      "version": "1.11.5",
      "resolved": "http://npm.lotuscars.com.cn:30040/dayjs/-/dayjs-1.11.5.tgz",
      "integrity": "sha512-CAdX5Q3YW3Gclyo5Vpqkgpj8fSdLQcRuzfX6mC6Phy0nfJ0eGYOeS7m4mt2plDWLAtA4TqTakvbboHvUxfe4iA=="
    },
    "debug": {
      "version": "2.6.9",
      "resolved": "http://npm.lotuscars.com.cn:30040/debug/-/debug-2.6.9.tgz",
      "integrity": "sha1-XRKFFd8TT/Mn6QpMk/Tgd6U2NB8=",
      "optional": true,
      "requires": {
        "ms": "2.0.0"
      }
    },
    "decamelize": {
      "version": "1.2.0",
      "resolved": "http://npm.lotuscars.com.cn:30040/decamelize/-/decamelize-1.2.0.tgz",
      "integrity": "sha1-9lNNFRSCabIDUue+4m9QH5oZEpA="
    },
    "dijkstrajs": {
      "version": "1.0.2",
      "resolved": "http://npm.lotuscars.com.cn:30040/dijkstrajs/-/dijkstrajs-1.0.2.tgz",
      "integrity": "sha1-LkjA07glRir+datK1egpyOzjYlc="
    },
    "element-plus": {
      "version": "1.1.0-beta.24",
      "resolved": "http://npm.lotuscars.com.cn:30040/element-plus/-/element-plus-1.1.0-beta.24.tgz",
      "integrity": "sha1-hYsFky68C+FUGdOXTRW+Kk9LaWw=",
      "requires": {
        "@element-plus/icons": "^0.0.11",
        "@popperjs/core": "^2.10.2",
        "@vueuse/core": "~6.1.0",
        "async-validator": "^4.0.3",
        "dayjs": "^1.10.7",
        "lodash": "^4.17.21",
        "memoize-one": "^5.2.1",
        "normalize-wheel-es": "^1.1.0",
        "resize-observer-polyfill": "^1.5.1"
      }
    },
    "emoji-regex": {
      "version": "8.0.0",
      "resolved": "http://npm.lotuscars.com.cn:30040/emoji-regex/-/emoji-regex-8.0.0.tgz",
      "integrity": "sha1-6Bj9ac5cz8tARZT4QpY79TFkzDc="
    },
    "encode-utf8": {
      "version": "1.0.3",
      "resolved": "http://npm.lotuscars.com.cn:30040/encode-utf8/-/encode-utf8-1.0.3.tgz",
      "integrity": "sha1-8w/dMdoH+1lvKBvrL2sCeFGZTNo="
    },
    "es5-ext": {
      "version": "0.10.62",
      "resolved": "http://npm.lotuscars.com.cn:30040/es5-ext/-/es5-ext-0.10.62.tgz",
      "integrity": "sha512-BHLqn0klhEpnOKSrzn/Xsz2UIW8j+cGmo9JLzr8BiUapV8hPL9+FliFqjwr9ngW7jWdnxv6eO+/LqyhJVqgrjA==",
      "requires": {
        "es6-iterator": "^2.0.3",
        "es6-symbol": "^3.1.3",
        "next-tick": "^1.1.0"
      }
    },
    "es6-iterator": {
      "version": "2.0.3",
      "resolved": "http://npm.lotuscars.com.cn:30040/es6-iterator/-/es6-iterator-2.0.3.tgz",
      "integrity": "sha1-p96IkUGgWpSwhUQDstCg+/qY87c=",
      "requires": {
        "d": "1",
        "es5-ext": "^0.10.35",
        "es6-symbol": "^3.1.1"
      }
    },
    "es6-symbol": {
      "version": "3.1.3",
      "resolved": "http://npm.lotuscars.com.cn:30040/es6-symbol/-/es6-symbol-3.1.3.tgz",
      "integrity": "sha1-utXTwbzawoJp9MszHkMceKxwXRg=",
      "requires": {
        "d": "^1.0.1",
        "ext": "^1.1.2"
      }
    },
    "estree-walker": {
      "version": "2.0.2",
      "resolved": "http://npm.lotuscars.com.cn:30040/estree-walker/-/estree-walker-2.0.2.tgz",
      "integrity": "sha1-UvAQF4wqTBF6d1fP6UKtt9LaTKw="
    },
    "ext": {
      "version": "1.6.0",
      "resolved": "http://npm.lotuscars.com.cn:30040/ext/-/ext-1.6.0.tgz",
      "integrity": "sha1-OHHVBkHodMwXLitT+RmELRnbTFI=",
      "requires": {
        "type": "^2.5.0"
      },
      "dependencies": {
        "type": {
          "version": "2.7.2",
          "resolved": "http://npm.lotuscars.com.cn:30040/type/-/type-2.7.2.tgz",
          "integrity": "sha512-dzlvlNlt6AXU7EBSfpAscydQ7gXB+pPGsPnfJnZpiNJBDj7IaJzQlBZYGdEi4R9HmPdBv2XmWJ6YUtoTa7lmCw=="
        }
      }
    },
    "fast-json-patch": {
      "version": "3.1.1",
      "resolved": "http://npm.lotuscars.com.cn:30040/fast-json-patch/-/fast-json-patch-3.1.1.tgz",
      "integrity": "sha512-vf6IHUX2SBcA+5/+4883dsIjpBTqmfBjmYiWK1savxQmFk4JfBMLa7ynTYOs1Rolp/T1betJxHiGD3g1Mn8lUQ=="
    },
    "find-up": {
      "version": "4.1.0",
      "resolved": "http://npm.lotuscars.com.cn:30040/find-up/-/find-up-4.1.0.tgz",
      "integrity": "sha1-l6/n1s3AvFkoWEt8jXsW6KmqXRk=",
      "requires": {
        "locate-path": "^5.0.0",
        "path-exists": "^4.0.0"
      }
    },
    "follow-redirects": {
      "version": "1.15.1",
      "resolved": "http://npm.lotuscars.com.cn:30040/follow-redirects/-/follow-redirects-1.15.1.tgz",
      "integrity": "sha512-yLAMQs+k0b2m7cVxpS1VKJVvoz7SS9Td1zss3XRwXj+ZDH00RJgnuLx7E44wx02kQLrdM3aOOy+FpzS7+8OizA=="
    },
    "get-caller-file": {
      "version": "2.0.5",
      "resolved": "http://npm.lotuscars.com.cn:30040/get-caller-file/-/get-caller-file-2.0.5.tgz",
      "integrity": "sha1-T5RBKoLbMvNuOwuXQfipf+sDH34="
    },
    "howler": {
      "version": "2.2.3",
      "resolved": "http://npm.lotuscars.com.cn:30040/howler/-/howler-2.2.3.tgz",
      "integrity": "sha512-QM0FFkw0LRX1PR8pNzJVAY25JhIWvbKMBFM4gqk+QdV+kPXOhleWGCB6AiAF/goGjIHK2e/nIElplvjQwhr0jg=="
    },
    "is-fullwidth-code-point": {
      "version": "3.0.0",
      "resolved": "http://npm.lotuscars.com.cn:30040/is-fullwidth-code-point/-/is-fullwidth-code-point-3.0.0.tgz",
      "integrity": "sha1-8Rb4Bk/pCz94RKOJl8C3UFEmnx0="
    },
    "is-typedarray": {
      "version": "1.0.0",
      "resolved": "http://npm.lotuscars.com.cn:30040/is-typedarray/-/is-typedarray-1.0.0.tgz",
      "integrity": "sha1-5HnICFjfDBsR3dppQPlgEfzaSpo=",
      "optional": true
    },
    "jsbarcode": {
      "version": "3.11.5",
      "resolved": "http://npm.lotuscars.com.cn:30040/jsbarcode/-/jsbarcode-3.11.5.tgz",
      "integrity": "sha512-zv3KsH51zD00I/LrFzFSM6dst7rDn0vIMzaiZFL7qusTjPZiPtxg3zxetp0RR7obmjTw4f6NyGgbdkBCgZUIrA=="
    },
    "jsencrypt": {
      "version": "3.2.1",
      "resolved": "http://npm.lotuscars.com.cn:30040/jsencrypt/-/jsencrypt-3.2.1.tgz",
      "integrity": "sha1-CXZpg8x2AIj/JrEv5+V0JSr5dyc="
    },
    "locate-path": {
      "version": "5.0.0",
      "resolved": "http://npm.lotuscars.com.cn:30040/locate-path/-/locate-path-5.0.0.tgz",
      "integrity": "sha1-Gvujlq/WdqbUJQTQpno6frn2KqA=",
      "requires": {
        "p-locate": "^4.1.0"
      }
    },
    "lodash": {
      "version": "4.17.21",
      "resolved": "http://npm.lotuscars.com.cn:30040/lodash/-/lodash-4.17.21.tgz",
      "integrity": "sha1-Z5WRxWTDv/quhFTPCz3zcMPWkRw="
    },
    "lodash-es": {
      "version": "4.17.21",
      "resolved": "http://npm.lotuscars.com.cn:30040/lodash-es/-/lodash-es-4.17.21.tgz",
      "integrity": "sha1-Q+YmxG5lkbd1C+srUBFzkMYJ4+4="
    },
    "magic-string": {
      "version": "0.25.9",
      "resolved": "http://npm.lotuscars.com.cn:30040/magic-string/-/magic-string-0.25.9.tgz",
      "integrity": "sha512-RmF0AsMzgt25qzqqLc1+MbHmhdx0ojF2Fvs4XnOqz2ZOBXzzkEwc/dJQZCYHAn7v1jbVOjAZfK8msRn4BxO4VQ==",
      "requires": {
        "sourcemap-codec": "^1.4.8"
      }
    },
    "memoize-one": {
      "version": "5.2.1",
      "resolved": "http://npm.lotuscars.com.cn:30040/memoize-one/-/memoize-one-5.2.1.tgz",
      "integrity": "sha1-gzeqPEM1WBg57AHD1ZQJDOvo8A4="
    },
    "ms": {
      "version": "2.0.0",
      "resolved": "http://npm.lotuscars.com.cn:30040/ms/-/ms-2.0.0.tgz",
      "integrity": "sha1-VgiurfwAvmwpAd9fmGF4jeDVl8g=",
      "optional": true
    },
    "nanoid": {
      "version": "3.3.4",
      "resolved": "http://npm.lotuscars.com.cn:30040/nanoid/-/nanoid-3.3.4.tgz",
      "integrity": "sha512-MqBkQh/OHTS2egovRtLk45wEyNXwF+cokD+1YPf9u5VfJiRdAiRwB2froX5Co9Rh20xs4siNPm8naNotSD6RBw=="
    },
    "next-tick": {
      "version": "1.1.0",
      "resolved": "http://npm.lotuscars.com.cn:30040/next-tick/-/next-tick-1.1.0.tgz",
      "integrity": "sha1-GDbuMK1W1n7ygbIr0Zn3CUSbNes="
    },
    "node-gyp-build": {
      "version": "4.5.0",
      "resolved": "http://npm.lotuscars.com.cn:30040/node-gyp-build/-/node-gyp-build-4.5.0.tgz",
      "integrity": "sha512-2iGbaQBV+ITgCz76ZEjmhUKAKVf7xfY1sRl4UiKQspfZMH2h06SyhNsnSVy50cwkFQDGLyif6m/6uFXHkOZ6rg==",
      "optional": true
    },
    "normalize-wheel-es": {
      "version": "1.2.0",
      "resolved": "http://npm.lotuscars.com.cn:30040/normalize-wheel-es/-/normalize-wheel-es-1.2.0.tgz",
      "integrity": "sha512-Wj7+EJQ8mSuXr2iWfnujrimU35R2W4FAErEyTmJoJ7ucwTn2hOUSsRehMb5RSYkxXGTM7Y9QpvPmp++w5ftoJw=="
    },
    "p-limit": {
      "version": "2.3.0",
      "resolved": "http://npm.lotuscars.com.cn:30040/p-limit/-/p-limit-2.3.0.tgz",
      "integrity": "sha1-PdM8ZHohT9//2DWTPrCG2g3CHbE=",
      "requires": {
        "p-try": "^2.0.0"
      }
    },
    "p-locate": {
      "version": "4.1.0",
      "resolved": "http://npm.lotuscars.com.cn:30040/p-locate/-/p-locate-4.1.0.tgz",
      "integrity": "sha1-o0KLtwiLOmApL2aRkni3wpetTwc=",
      "requires": {
        "p-limit": "^2.2.0"
      }
    },
    "p-try": {
      "version": "2.2.0",
      "resolved": "http://npm.lotuscars.com.cn:30040/p-try/-/p-try-2.2.0.tgz",
      "integrity": "sha1-yyhoVA4xPWHeWPr741zpAE1VQOY="
    },
    "path-exists": {
      "version": "4.0.0",
      "resolved": "http://npm.lotuscars.com.cn:30040/path-exists/-/path-exists-4.0.0.tgz",
      "integrity": "sha1-UTvb4tO5XXdi6METfvoZXGxhtbM="
    },
    "picocolors": {
      "version": "1.0.0",
      "resolved": "http://npm.lotuscars.com.cn:30040/picocolors/-/picocolors-1.0.0.tgz",
      "integrity": "sha1-y1vcdP8/UYkiNur3nWi8RFZKuBw="
    },
    "pngjs": {
      "version": "5.0.0",
      "resolved": "http://npm.lotuscars.com.cn:30040/pngjs/-/pngjs-5.0.0.tgz",
      "integrity": "sha1-553SshV2f9nARWHAEjbflgvOf7s="
    },
    "postcss": {
      "version": "8.4.16",
      "resolved": "http://npm.lotuscars.com.cn:30040/postcss/-/postcss-8.4.16.tgz",
      "integrity": "sha512-ipHE1XBvKzm5xI7hiHCZJCSugxvsdq2mPnsq5+UF+VHCjiBvtDrlxJfMBToWaP9D5XlgNmcFGqoHmUn0EYEaRQ==",
      "requires": {
        "nanoid": "^3.3.4",
        "picocolors": "^1.0.0",
        "source-map-js": "^1.0.2"
      }
    },
    "qrcode": {
      "version": "1.5.1",
      "resolved": "http://npm.lotuscars.com.cn:30040/qrcode/-/qrcode-1.5.1.tgz",
      "integrity": "sha512-nS8NJ1Z3md8uTjKtP+SGGhfqmTCs5flU/xR623oI0JX+Wepz9R8UrRVCTBTJm3qGw3rH6jJ6MUHjkDx15cxSSg==",
      "requires": {
        "dijkstrajs": "^1.0.1",
        "encode-utf8": "^1.0.3",
        "pngjs": "^5.0.0",
        "yargs": "^15.3.1"
      }
    },
    "require-directory": {
      "version": "2.1.1",
      "resolved": "http://npm.lotuscars.com.cn:30040/require-directory/-/require-directory-2.1.1.tgz",
      "integrity": "sha1-jGStX9MNqxyXbiNE/+f3kqam30I="
    },
    "require-main-filename": {
      "version": "2.0.0",
      "resolved": "http://npm.lotuscars.com.cn:30040/require-main-filename/-/require-main-filename-2.0.0.tgz",
      "integrity": "sha1-0LMp7MfMD2Fkn2IhW+aa9UqomJs="
    },
    "resize-observer-polyfill": {
      "version": "1.5.1",
      "resolved": "http://npm.lotuscars.com.cn:30040/resize-observer-polyfill/-/resize-observer-polyfill-1.5.1.tgz",
      "integrity": "sha1-DpAg3T0hAkRY1OvSfiPkAmmBBGQ="
    },
    "set-blocking": {
      "version": "2.0.0",
      "resolved": "http://npm.lotuscars.com.cn:30040/set-blocking/-/set-blocking-2.0.0.tgz",
      "integrity": "sha1-BF+XgtARrppoA93TgrJDkrPYkPc="
    },
    "sortablejs": {
      "version": "1.14.0",
      "resolved": "http://npm.lotuscars.com.cn:30040/sortablejs/-/sortablejs-1.14.0.tgz",
      "integrity": "sha1-bS4XzL2yX0ZHNN9iHU811Ks1s9g="
    },
    "source-map": {
      "version": "0.6.1",
      "resolved": "http://npm.lotuscars.com.cn:30040/source-map/-/source-map-0.6.1.tgz",
      "integrity": "sha1-dHIq8y6WFOnCh6jQu95IteLxomM="
    },
    "source-map-js": {
      "version": "1.0.2",
      "resolved": "http://npm.lotuscars.com.cn:30040/source-map-js/-/source-map-js-1.0.2.tgz",
      "integrity": "sha512-R0XvVJ9WusLiqTCEiGCmICCMplcCkIwwR11mOSD9CR5u+IXYdiseeEuXCVAjS54zqwkLcPNnmU4OeJ6tUrWhDw=="
    },
    "sourcemap-codec": {
      "version": "1.4.8",
      "resolved": "http://npm.lotuscars.com.cn:30040/sourcemap-codec/-/sourcemap-codec-1.4.8.tgz",
      "integrity": "sha1-6oBL2UhXQC5pktBaOO8a41qatMQ="
    },
    "stompjs": {
      "version": "2.3.3",
      "resolved": "http://npm.lotuscars.com.cn:30040/stompjs/-/stompjs-2.3.3.tgz",
      "integrity": "sha512-5l/Ogz0DTFW7TrpHF0LAETGqM/so8UxNJvYZjJKqcX31EVprSQgnGkO80tZctPC/lFBDUrSFiTG3xd0R27XAIA==",
      "requires": {
        "websocket": "^1.0.34"
      }
    },
    "string-width": {
      "version": "4.2.3",
      "resolved": "http://npm.lotuscars.com.cn:30040/string-width/-/string-width-4.2.3.tgz",
      "integrity": "sha1-JpxxF9J7Ba0uU2gwqOyJXvnG0BA=",
      "requires": {
        "emoji-regex": "^8.0.0",
        "is-fullwidth-code-point": "^3.0.0",
        "strip-ansi": "^6.0.1"
      }
    },
    "strip-ansi": {
      "version": "6.0.1",
      "resolved": "http://npm.lotuscars.com.cn:30040/strip-ansi/-/strip-ansi-6.0.1.tgz",
      "integrity": "sha1-nibGPTD1NEPpSJSVshBdN7Z6hdk=",
      "requires": {
        "ansi-regex": "^5.0.1"
      }
    },
    "type": {
      "version": "1.2.0",
      "resolved": "http://npm.lotuscars.com.cn:30040/type/-/type-1.2.0.tgz",
      "integrity": "sha1-hI3XaY2vo+VKbEeedZxLw/GIR6A="
    },
    "typedarray-to-buffer": {
      "version": "3.1.5",
      "resolved": "http://npm.lotuscars.com.cn:30040/typedarray-to-buffer/-/typedarray-to-buffer-3.1.5.tgz",
      "integrity": "sha1-qX7nqf9CaRufeD/xvFES/j/KkIA=",
      "optional": true,
      "requires": {
        "is-typedarray": "^1.0.0"
      }
    },
    "utf-8-validate": {
      "version": "5.0.9",
      "resolved": "http://npm.lotuscars.com.cn:30040/utf-8-validate/-/utf-8-validate-5.0.9.tgz",
      "integrity": "sha512-Yek7dAy0v3Kl0orwMlvi7TPtiCNrdfHNd7Gcc/pLq4BLXqfAmd0J7OWMizUQnTTJsyjKn02mU7anqwfmUP4J8Q==",
      "optional": true,
      "requires": {
        "node-gyp-build": "^4.3.0"
      }
    },
    "vue": {
      "version": "3.2.37",
      "resolved": "http://npm.lotuscars.com.cn:30040/vue/-/vue-3.2.37.tgz",
      "integrity": "sha512-bOKEZxrm8Eh+fveCqS1/NkG/n6aMidsI6hahas7pa0w/l7jkbssJVsRhVDs07IdDq7h9KHswZOgItnwJAgtVtQ==",
      "requires": {
        "@vue/compiler-dom": "3.2.37",
        "@vue/compiler-sfc": "3.2.37",
        "@vue/runtime-dom": "3.2.37",
        "@vue/server-renderer": "3.2.37",
        "@vue/shared": "3.2.37"
      }
    },
    "vue-demi": {
      "version": "0.13.8",
      "resolved": "http://npm.lotuscars.com.cn:30040/vue-demi/-/vue-demi-0.13.8.tgz",
      "integrity": "sha512-Vy1zbZhCOdsmvGR6tJhAvO5vhP7eiS8xkbYQSoVa7o6KlIy3W8Rc53ED4qI4qpeRDjv3mLfXSEpYU6Yq4pgXRg=="
    },
    "vue-router": {
      "version": "4.1.3",
      "resolved": "http://npm.lotuscars.com.cn:30040/vue-router/-/vue-router-4.1.3.tgz",
      "integrity": "sha512-XvK81bcYglKiayT7/vYAg/f36ExPC4t90R/HIpzrZ5x+17BOWptXLCrEPufGgZeuq68ww4ekSIMBZY1qdUdfjA==",
      "requires": {
        "@vue/devtools-api": "^6.1.4"
      }
    },
    "vuedraggable": {
      "version": "4.1.0",
      "resolved": "http://npm.lotuscars.com.cn:30040/vuedraggable/-/vuedraggable-4.1.0.tgz",
      "integrity": "sha1-7ezmituKTZ4GrM/538kEDmaFInA=",
      "requires": {
        "sortablejs": "1.14.0"
      }
    },
    "websocket": {
      "version": "1.0.34",
      "resolved": "http://npm.lotuscars.com.cn:30040/websocket/-/websocket-1.0.34.tgz",
      "integrity": "sha512-PRDso2sGwF6kM75QykIesBijKSVceR6jL2G8NGYyq2XrItNC2P5/qL5XeR056GhA+Ly7JMFvJb9I312mJfmqnQ==",
      "optional": true,
      "requires": {
        "bufferutil": "^4.0.1",
        "debug": "^2.2.0",
        "es5-ext": "^0.10.50",
        "typedarray-to-buffer": "^3.1.5",
        "utf-8-validate": "^5.0.2",
        "yaeti": "^0.0.6"
      }
    },
    "which-module": {
      "version": "2.0.0",
      "resolved": "http://npm.lotuscars.com.cn:30040/which-module/-/which-module-2.0.0.tgz",
      "integrity": "sha1-2e8H3Od7mQK4o6j6SzHD4/fm6Ho="
    },
    "wrap-ansi": {
      "version": "6.2.0",
      "resolved": "http://npm.lotuscars.com.cn:30040/wrap-ansi/-/wrap-ansi-6.2.0.tgz",
      "integrity": "sha1-6Tk7oHEC5skaOyIUePAlfNKFblM=",
      "requires": {
        "ansi-styles": "^4.0.0",
        "string-width": "^4.1.0",
        "strip-ansi": "^6.0.0"
      }
    },
    "xss": {
      "version": "1.0.14",
      "resolved": "http://npm.lotuscars.com.cn:30040/xss/-/xss-1.0.14.tgz",
      "integrity": "sha512-og7TEJhXvn1a7kzZGQ7ETjdQVS2UfZyTlsEdDOqvQF7GoxNfY+0YLCzBy1kPdsDDx4QuNAonQPddpsn6Xl/7sw==",
      "requires": {
        "commander": "^2.20.3",
        "cssfilter": "0.0.10"
      }
    },
    "y18n": {
      "version": "4.0.3",
      "resolved": "http://npm.lotuscars.com.cn:30040/y18n/-/y18n-4.0.3.tgz",
      "integrity": "sha1-tfJZyCzW4zaSHv17/Yv1YN6e7t8="
    },
    "yaeti": {
      "version": "0.0.6",
      "resolved": "http://npm.lotuscars.com.cn:30040/yaeti/-/yaeti-0.0.6.tgz",
      "integrity": "sha512-MvQa//+KcZCUkBTIC9blM+CU9J2GzuTytsOUwf2lidtvkx/6gnEp1QvJv34t9vdjhFmha/mUiNDbN0D0mJWdug==",
      "optional": true
    },
    "yargs": {
      "version": "15.4.1",
      "resolved": "http://npm.lotuscars.com.cn:30040/yargs/-/yargs-15.4.1.tgz",
      "integrity": "sha1-DYehbeAa7p2L7Cv7909nhRcw9Pg=",
      "requires": {
        "cliui": "^6.0.0",
        "decamelize": "^1.2.0",
        "find-up": "^4.1.0",
        "get-caller-file": "^2.0.1",
        "require-directory": "^2.1.1",
        "require-main-filename": "^2.0.0",
        "set-blocking": "^2.0.0",
        "string-width": "^4.2.0",
        "which-module": "^2.0.0",
        "y18n": "^4.0.0",
        "yargs-parser": "^18.1.2"
      }
    },
    "yargs-parser": {
      "version": "18.1.3",
      "resolved": "http://npm.lotuscars.com.cn:30040/yargs-parser/-/yargs-parser-18.1.3.tgz",
      "integrity": "sha1-vmjEl1xrKr9GkjawyHA2L6sJp7A=",
      "requires": {
        "camelcase": "^5.0.0",
        "decamelize": "^1.2.0"
      }
    }
  }
}
